
Microsoft Visual Studio Solution File, Format Version 12.00
# Visual Studio Version 17
VisualStudioVersion = 17.0.31903.59
MinimumVisualStudioVersion = 10.0.40219.1
Project("{FAE04EC0-301F-11D3-BF4B-00C04F79EFBC}") = "Exemplos.Common", "Exemplos.Common\Exemplos.Common.csproj", "{F3150995-8B4E-4B8A-B431-0348B74E62B2}"
EndProject
Project("{FAE04EC0-301F-11D3-BF4B-00C04F79EFBC}") = "Exemplos", "Exemplos\Exemplos.csproj", "{4670022F-8A2E-4CA0-BD83-1E54D4ABFA80}"
EndProject
Global
	GlobalSection(SolutionConfigurationPlatforms) = preSolution
		Debug|Any CPU = Debug|Any CPU
		Release|Any CPU = Release|Any CPU
	EndGlobalSection
	GlobalSection(SolutionProperties) = preSolution
		HideSolutionNode = FALSE
	EndGlobalSection
	GlobalSection(ProjectConfigurationPlatforms) = postSolution
		{F3150995-8B4E-4B8A-B431-0348B74E62B2}.Debug|Any CPU.ActiveCfg = Debug|Any CPU
		{F3150995-8B4E-4B8A-B431-0348B74E62B2}.Debug|Any CPU.Build.0 = Debug|Any CPU
		{F3150995-8B4E-4B8A-B431-0348B74E62B2}.Release|Any CPU.ActiveCfg = Release|Any CPU
		{F3150995-8B4E-4B8A-B431-0348B74E62B2}.Release|Any CPU.Build.0 = Release|Any CPU
		{4670022F-8A2E-4CA0-BD83-1E54D4ABFA80}.Debug|Any CPU.ActiveCfg = Debug|Any CPU
		{4670022F-8A2E-4CA0-BD83-1E54D4ABFA80}.Debug|Any CPU.Build.0 = Debug|Any CPU
		{4670022F-8A2E-4CA0-BD83-1E54D4ABFA80}.Release|Any CPU.ActiveCfg = Release|Any CPU
		{4670022F-8A2E-4CA0-BD83-1E54D4ABFA80}.Release|Any CPU.Build.0 = Release|Any CPU
	EndGlobalSection
EndGlobal
